
Microsoft Visual Studio Solution File, Format Version 12.00
# Visual Studio Version 16
VisualStudioVersion = 16.0.30717.126
MinimumVisualStudioVersion = 10.0.40219.1
Project("{8BC9CEB8-8B4A-11D0-8D11-00A0C91BC942}") = "DOS", "DOS\DOS.vcxproj", "{052CFB6F-1850-4533-AC88-AFC6E228C71A}"
EndProject
Project("{8BC9CEB8-8B4A-11D0-8D11-00A0C91BC942}") = "Windows", "Windows\Windows.vcxproj", "{05554DC2-EB0D-4107-856C-C5BE0836F410}"
EndProject
Project("{8BC9CEB8-8B4A-11D0-8D11-00A0C91BC942}") = "AssetGen", "AssetGen\AssetGen.vcxproj", "{74E7CE19-144B-4FE7-9F07-1E4BA27C303A}"
EndProject
Global
	GlobalSection(SolutionConfigurationPlatforms) = preSolution
		Debug|x64 = Debug|x64
		Debug|x86 = Debug|x86
		Release|x64 = Release|x64
		Release|x86 = Release|x86
	EndGlobalSection
	GlobalSection(ProjectConfigurationPlatforms) = postSolution
		{052CFB6F-1850-4533-AC88-AFC6E228C71A}.Debug|x64.ActiveCfg = Debug|x64
		{052CFB6F-1850-4533-AC88-AFC6E228C71A}.Debug|x64.Build.0 = Debug|x64
		{052CFB6F-1850-4533-AC88-AFC6E228C71A}.Debug|x86.ActiveCfg = Debug|Win32
		{052CFB6F-1850-4533-AC88-AFC6E228C71A}.Debug|x86.Build.0 = Debug|Win32
		{052CFB6F-1850-4533-AC88-AFC6E228C71A}.Release|x64.ActiveCfg = Release|x64
		{052CFB6F-1850-4533-AC88-AFC6E228C71A}.Release|x64.Build.0 = Release|x64
		{052CFB6F-1850-4533-AC88-AFC6E228C71A}.Release|x86.ActiveCfg = Release|Win32
		{052CFB6F-1850-4533-AC88-AFC6E228C71A}.Release|x86.Build.0 = Release|Win32
		{05554DC2-EB0D-4107-856C-C5BE0836F410}.Debug|x64.ActiveCfg = Debug|x64
		{05554DC2-EB0D-4107-856C-C5BE0836F410}.Debug|x64.Build.0 = Debug|x64
		{05554DC2-EB0D-4107-856C-C5BE0836F410}.Debug|x86.ActiveCfg = Debug|Win32
		{05554DC2-EB0D-4107-856C-C5BE0836F410}.Debug|x86.Build.0 = Debug|Win32
		{05554DC2-EB0D-4107-856C-C5BE0836F410}.Release|x64.ActiveCfg = Release|x64
		{05554DC2-EB0D-4107-856C-C5BE0836F410}.Release|x64.Build.0 = Release|x64
		{05554DC2-EB0D-4107-856C-C5BE0836F410}.Release|x86.ActiveCfg = Release|Win32
		{05554DC2-EB0D-4107-856C-C5BE0836F410}.Release|x86.Build.0 = Release|Win32
		{74E7CE19-144B-4FE7-9F07-1E4BA27C303A}.Debug|x64.ActiveCfg = Debug|x64
		{74E7CE19-144B-4FE7-9F07-1E4BA27C303A}.Debug|x64.Build.0 = Debug|x64
		{74E7CE19-144B-4FE7-9F07-1E4BA27C303A}.Debug|x86.ActiveCfg = Debug|Win32
		{74E7CE19-144B-4FE7-9F07-1E4BA27C303A}.Debug|x86.Build.0 = Debug|Win32
		{74E7CE19-144B-4FE7-9F07-1E4BA27C303A}.Release|x64.ActiveCfg = Release|x64
		{74E7CE19-144B-4FE7-9F07-1E4BA27C303A}.Release|x64.Build.0 = Release|x64
		{74E7CE19-144B-4FE7-9F07-1E4BA27C303A}.Release|x86.ActiveCfg = Release|Win32
		{74E7CE19-144B-4FE7-9F07-1E4BA27C303A}.Release|x86.Build.0 = Release|Win32
	EndGlobalSection
	GlobalSection(SolutionProperties) = preSolution
		HideSolutionNode = FALSE
	EndGlobalSection
	GlobalSection(ExtensibilityGlobals) = postSolution
		SolutionGuid = {7FB87C3C-1EA3-4F6D-95AE-494AA5C6EC96}
	EndGlobalSection
EndGlobal
